
Microsoft Visual Studio Solution File, Format Version 12.00
# Visual Studio Version 17
VisualStudioVersion = 17.5.33530.505
MinimumVisualStudioVersion = 10.0.40219.1
Project("{9A19103F-16F7-4668-BE54-9A1E7A4F7556}") = "RandomProfileMAUI", "RandomProfileMAUI\RandomProfileMAUI.csproj", "{14596BA9-8628-47E4-A50D-8F49DF533727}"
EndProject
Project("{9A19103F-16F7-4668-BE54-9A1E7A4F7556}") = "RandomProfileAPI", "RandomProfileAPI\RandomProfileAPI.csproj", "{4CD2A3DC-A37A-4A2C-89E8-5B6F2A90D3DB}"
EndProject
Global
	GlobalSection(SolutionConfigurationPlatforms) = preSolution
		Debug|Any CPU = Debug|Any CPU
		Release|Any CPU = Release|Any CPU
	EndGlobalSection
	GlobalSection(ProjectConfigurationPlatforms) = postSolution
		{14596BA9-8628-47E4-A50D-8F49DF533727}.Debug|Any CPU.ActiveCfg = Debug|Any CPU
		{14596BA9-8628-47E4-A50D-8F49DF533727}.Debug|Any CPU.Build.0 = Debug|Any CPU
		{14596BA9-8628-47E4-A50D-8F49DF533727}.Debug|Any CPU.Deploy.0 = Debug|Any CPU
		{14596BA9-8628-47E4-A50D-8F49DF533727}.Release|Any CPU.ActiveCfg = Release|Any CPU
		{14596BA9-8628-47E4-A50D-8F49DF533727}.Release|Any CPU.Build.0 = Release|Any CPU
		{14596BA9-8628-47E4-A50D-8F49DF533727}.Release|Any CPU.Deploy.0 = Release|Any CPU
		{4CD2A3DC-A37A-4A2C-89E8-5B6F2A90D3DB}.Debug|Any CPU.ActiveCfg = Debug|Any CPU
		{4CD2A3DC-A37A-4A2C-89E8-5B6F2A90D3DB}.Debug|Any CPU.Build.0 = Debug|Any CPU
		{4CD2A3DC-A37A-4A2C-89E8-5B6F2A90D3DB}.Release|Any CPU.ActiveCfg = Release|Any CPU
		{4CD2A3DC-A37A-4A2C-89E8-5B6F2A90D3DB}.Release|Any CPU.Build.0 = Release|Any CPU
	EndGlobalSection
	GlobalSection(SolutionProperties) = preSolution
		HideSolutionNode = FALSE
	EndGlobalSection
	GlobalSection(ExtensibilityGlobals) = postSolution
		SolutionGuid = {EEBDB09C-1A0B-4580-A04B-A91E6063D4F4}
	EndGlobalSection
EndGlobal
